// !$*UTF8*$!
{
	archiveVersion = 1;
	classes = {
	};
	objectVersion = 56;
	objects = {

/* Begin PBXBuildFile section */
		CCD982532C381E2B0095DDE8 /* KnutValenDevApp.swift in Sources */ = {isa = PBXBuildFile; fileRef = CCD982522C381E2B0095DDE8 /* KnutValenDevApp.swift */; };
		CCD982552C381E2B0095DDE8 /* ContentView.swift in Sources */ = {isa = PBXBuildFile; fileRef = CCD982542C381E2B0095DDE8 /* ContentView.swift */; };
		CCD982572C381E2C0095DDE8 /* Assets.xcassets in Resources */ = {isa = PBXBuildFile; fileRef = CCD982562C381E2C0095DDE8 /* Assets.xcassets */; };
		CCD9825A2C381E2C0095DDE8 /* Preview Assets.xcassets in Resources */ = {isa = PBXBuildFile; fileRef = CCD982592C381E2C0095DDE8 /* Preview Assets.xcassets */; };
		CCD982642C381E2C0095DDE8 /* iOSTests.swift in Sources */ = {isa = PBXBuildFile; fileRef = CCD982632C381E2C0095DDE8 /* iOSTests.swift */; };
		CCD9826E2C381E2C0095DDE8 /* iOSUITests.swift in Sources */ = {isa = PBXBuildFile; fileRef = CCD9826D2C381E2C0095DDE8 /* iOSUITests.swift */; };
		CCD982702C381E2C0095DDE8 /* iOSUITestsLaunchTests.swift in Sources */ = {isa = PBXBuildFile; fileRef = CCD9826F2C381E2C0095DDE8 /* iOSUITestsLaunchTests.swift */; };
/* End PBXBuildFile section */

/* Begin PBXContainerItemProxy section */
		CCD982602C381E2C0095DDE8 /* PBXContainerItemProxy */ = {
			isa = PBXContainerItemProxy;
			containerPortal = CCD982472C381E2B0095DDE8 /* Project object */;
			proxyType = 1;
			remoteGlobalIDString = CCD9824E2C381E2B0095DDE8;
			remoteInfo = iOS;
		};
		CCD9826A2C381E2C0095DDE8 /* PBXContainerItemProxy */ = {
			isa = PBXContainerItemProxy;
			containerPortal = CCD982472C381E2B0095DDE8 /* Project object */;
			proxyType = 1;
			remoteGlobalIDString = CCD9824E2C381E2B0095DDE8;
			remoteInfo = iOS;
		};
/* End PBXContainerItemProxy section */

/* Begin PBXFileReference section */
		CCD9824F2C381E2B0095DDE8 /* iOS.app */ = {isa = PBXFileReference; explicitFileType = wrapper.application; includeInIndex = 0; path = iOS.app; sourceTree = BUILT_PRODUCTS_DIR; };
		CCD982522C381E2B0095DDE8 /* KnutValenDevApp.swift */ = {isa = PBXFileReference; lastKnownFileType = sourcecode.swift; path = KnutValenDevApp.swift; sourceTree = "<group>"; };
		CCD982542C381E2B0095DDE8 /* ContentView.swift */ = {isa = PBXFileReference; lastKnownFileType = sourcecode.swift; path = ContentView.swift; sourceTree = "<group>"; };
		CCD982562C381E2C0095DDE8 /* Assets.xcassets */ = {isa = PBXFileReference; lastKnownFileType = folder.assetcatalog; path = Assets.xcassets; sourceTree = "<group>"; };
		CCD982592C381E2C0095DDE8 /* Preview Assets.xcassets */ = {isa = PBXFileReference; lastKnownFileType = folder.assetcatalog; path = "Preview Assets.xcassets"; sourceTree = "<group>"; };
		CCD9825F2C381E2C0095DDE8 /* iOSTests.xctest */ = {isa = PBXFileReference; explicitFileType = wrapper.cfbundle; includeInIndex = 0; path = iOSTests.xctest; sourceTree = BUILT_PRODUCTS_DIR; };
		CCD982632C381E2C0095DDE8 /* iOSTests.swift */ = {isa = PBXFileReference; lastKnownFileType = sourcecode.swift; path = iOSTests.swift; sourceTree = "<group>"; };
		CCD982692C381E2C0095DDE8 /* iOSUITests.xctest */ = {isa = PBXFileReference; explicitFileType = wrapper.cfbundle; includeInIndex = 0; path = iOSUITests.xctest; sourceTree = BUILT_PRODUCTS_DIR; };
		CCD9826D2C381E2C0095DDE8 /* iOSUITests.swift */ = {isa = PBXFileReference; lastKnownFileType = sourcecode.swift; path = iOSUITests.swift; sourceTree = "<group>"; };
		CCD9826F2C381E2C0095DDE8 /* iOSUITestsLaunchTests.swift */ = {isa = PBXFileReference; lastKnownFileType = sourcecode.swift; path = iOSUITestsLaunchTests.swift; sourceTree = "<group>"; };
/* End PBXFileReference section */

/* Begin PBXFrameworksBuildPhase section */
		CCD9824C2C381E2B0095DDE8 /* Frameworks */ = {
			isa = PBXFrameworksBuildPhase;
			buildActionMask = 2147483647;
			files = (
			);
			runOnlyForDeploymentPostprocessing = 0;
		};
		CCD9825C2C381E2C0095DDE8 /* Frameworks */ = {
			isa = PBXFrameworksBuildPhase;
			buildActionMask = 2147483647;
			files = (
			);
			runOnlyForDeploymentPostprocessing = 0;
		};
		CCD982662C381E2C0095DDE8 /* Frameworks */ = {
			isa = PBXFrameworksBuildPhase;
			buildActionMask = 2147483647;
			files = (
			);
			runOnlyForDeploymentPostprocessing = 0;
		};
/* End PBXFrameworksBuildPhase section */

/* Begin PBXGroup section */
		CCD982462C381E2B0095DDE8 = {
			isa = PBXGroup;
			children = (
				CCD982512C381E2B0095DDE8 /* iOS */,
				CCD982622C381E2C0095DDE8 /* iOSTests */,
				CCD9826C2C381E2C0095DDE8 /* iOSUITests */,
				CCD982502C381E2B0095DDE8 /* Products */,
			);
			sourceTree = "<group>";
		};
		CCD982502C381E2B0095DDE8 /* Products */ = {
			isa = PBXGroup;
			children = (
				CCD9824F2C381E2B0095DDE8 /* iOS.app */,
				CCD9825F2C381E2C0095DDE8 /* iOSTests.xctest */,
				CCD982692C381E2C0095DDE8 /* iOSUITests.xctest */,
			);
			name = Products;
			sourceTree = "<group>";
		};
		CCD982512C381E2B0095DDE8 /* iOS */ = {
			isa = PBXGroup;
			children = (
				CCD982522C381E2B0095DDE8 /* KnutValenDevApp.swift */,
				CCD982562C381E2C0095DDE8 /* Assets.xcassets */,
				CCD982582C381E2C0095DDE8 /* Preview Content */,
				CCD9827C2C3820B00095DDE8 /* Views */,
			);
			path = iOS;
			sourceTree = "<group>";
		};
		CCD982582C381E2C0095DDE8 /* Preview Content */ = {
			isa = PBXGroup;
			children = (
				CCD982592C381E2C0095DDE8 /* Preview Assets.xcassets */,
			);
			path = "Preview Content";
			sourceTree = "<group>";
		};
		CCD982622C381E2C0095DDE8 /* iOSTests */ = {
			isa = PBXGroup;
			children = (
				CCD982632C381E2C0095DDE8 /* iOSTests.swift */,
			);
			path = iOSTests;
			sourceTree = "<group>";
		};
		CCD9826C2C381E2C0095DDE8 /* iOSUITests */ = {
			isa = PBXGroup;
			children = (
				CCD9826D2C381E2C0095DDE8 /* iOSUITests.swift */,
				CCD9826F2C381E2C0095DDE8 /* iOSUITestsLaunchTests.swift */,
			);
			path = iOSUITests;
			sourceTree = "<group>";
		};
		CCD9827C2C3820B00095DDE8 /* Views */ = {
			isa = PBXGroup;
			children = (
				CCD982542C381E2B0095DDE8 /* ContentView.swift */,
			);
			path = Views;
			sourceTree = "<group>";
		};
/* End PBXGroup section */

/* Begin PBXNativeTarget section */
		CCD9824E2C381E2B0095DDE8 /* iOS */ = {
			isa = PBXNativeTarget;
			buildConfigurationList = CCD982732C381E2C0095DDE8 /* Build configuration list for PBXNativeTarget "iOS" */;
			buildPhases = (
				CCD9824B2C381E2B0095DDE8 /* Sources */,
				CCD9824C2C381E2B0095DDE8 /* Frameworks */,
				CCD9824D2C381E2B0095DDE8 /* Resources */,
			);
			buildRules = (
			);
			dependencies = (
			);
			name = iOS;
			productName = iOS;
			productReference = CCD9824F2C381E2B0095DDE8 /* iOS.app */;
			productType = "com.apple.product-type.application";
		};
		CCD9825E2C381E2C0095DDE8 /* iOSTests */ = {
			isa = PBXNativeTarget;
			buildConfigurationList = CCD982762C381E2C0095DDE8 /* Build configuration list for PBXNativeTarget "iOSTests" */;
			buildPhases = (
				CCD9825B2C381E2C0095DDE8 /* Sources */,
				CCD9825C2C381E2C0095DDE8 /* Frameworks */,
				CCD9825D2C381E2C0095DDE8 /* Resources */,
			);
			buildRules = (
			);
			dependencies = (
				CCD982612C381E2C0095DDE8 /* PBXTargetDependency */,
			);
			name = iOSTests;
			productName = iOSTests;
			productReference = CCD9825F2C381E2C0095DDE8 /* iOSTests.xctest */;
			productType = "com.apple.product-type.bundle.unit-test";
		};
		CCD982682C381E2C0095DDE8 /* iOSUITests */ = {
			isa = PBXNativeTarget;
			buildConfigurationList = CCD982792C381E2C0095DDE8 /* Build configuration list for PBXNativeTarget "iOSUITests" */;
			buildPhases = (
				CCD982652C381E2C0095DDE8 /* Sources */,
				CCD982662C381E2C0095DDE8 /* Frameworks */,
				CCD982672C381E2C0095DDE8 /* Resources */,
			);
			buildRules = (
			);
			dependencies = (
				CCD9826B2C381E2C0095DDE8 /* PBXTargetDependency */,
			);
			name = iOSUITests;
			productName = iOSUITests;
			productReference = CCD982692C381E2C0095DDE8 /* iOSUITests.xctest */;
			productType = "com.apple.product-type.bundle.ui-testing";
		};
/* End PBXNativeTarget section */

/* Begin PBXProject section */
		CCD982472C381E2B0095DDE8 /* Project object */ = {
			isa = PBXProject;
			attributes = {
				BuildIndependentTargetsInParallel = 1;
				LastSwiftUpdateCheck = 1540;
				LastUpgradeCheck = 1540;
				TargetAttributes = {
					CCD9824E2C381E2B0095DDE8 = {
						CreatedOnToolsVersion = 15.4;
					};
					CCD9825E2C381E2C0095DDE8 = {
						CreatedOnToolsVersion = 15.4;
						TestTargetID = CCD9824E2C381E2B0095DDE8;
					};
					CCD982682C381E2C0095DDE8 = {
						CreatedOnToolsVersion = 15.4;
						TestTargetID = CCD9824E2C381E2B0095DDE8;
					};
				};
			};
			buildConfigurationList = CCD9824A2C381E2B0095DDE8 /* Build configuration list for PBXProject "iOS" */;
			compatibilityVersion = "Xcode 14.0";
			developmentRegion = en;
			hasScannedForEncodings = 0;
			knownRegions = (
				en,
				Base,
			);
			mainGroup = CCD982462C381E2B0095DDE8;
			productRefGroup = CCD982502C381E2B0095DDE8 /* Products */;
			projectDirPath = "";
			projectRoot = "";
			targets = (
				CCD9824E2C381E2B0095DDE8 /* iOS */,
				CCD9825E2C381E2C0095DDE8 /* iOSTests */,
				CCD982682C381E2C0095DDE8 /* iOSUITests */,
			);
		};
/* End PBXProject section */

/* Begin PBXResourcesBuildPhase section */
		CCD9824D2C381E2B0095DDE8 /* Resources */ = {
			isa = PBXResourcesBuildPhase;
			buildActionMask = 2147483647;
			files = (
				CCD9825A2C381E2C0095DDE8 /* Preview Assets.xcassets in Resources */,
				CCD982572C381E2C0095DDE8 /* Assets.xcassets in Resources */,
			);
			runOnlyForDeploymentPostprocessing = 0;
		};
		CCD9825D2C381E2C0095DDE8 /* Resources */ = {
			isa = PBXResourcesBuildPhase;
			buildActionMask = 2147483647;
			files = (
			);
			runOnlyForDeploymentPostprocessing = 0;
		};
		CCD982672C381E2C0095DDE8 /* Resources */ = {
			isa = PBXResourcesBuildPhase;
			buildActionMask = 2147483647;
			files = (
			);
			runOnlyForDeploymentPostprocessing = 0;
		};
/* End PBXResourcesBuildPhase section */

/* Begin PBXSourcesBuildPhase section */
		CCD9824B2C381E2B0095DDE8 /* Sources */ = {
			isa = PBXSourcesBuildPhase;
			buildActionMask = 2147483647;
			files = (
				CCD982552C381E2B0095DDE8 /* ContentView.swift in Sources */,
				CCD982532C381E2B0095DDE8 /* KnutValenDevApp.swift in Sources */,
			);
			runOnlyForDeploymentPostprocessing = 0;
		};
		CCD9825B2C381E2C0095DDE8 /* Sources */ = {
			isa = PBXSourcesBuildPhase;
			buildActionMask = 2147483647;
			files = (
				CCD982642C381E2C0095DDE8 /* iOSTests.swift in Sources */,
			);
			runOnlyForDeploymentPostprocessing = 0;
		};
		CCD982652C381E2C0095DDE8 /* Sources */ = {
			isa = PBXSourcesBuildPhase;
			buildActionMask = 2147483647;
			files = (
				CCD982702C381E2C0095DDE8 /* iOSUITestsLaunchTests.swift in Sources */,
				CCD9826E2C381E2C0095DDE8 /* iOSUITests.swift in Sources */,
			);
			runOnlyForDeploymentPostprocessing = 0;
		};
/* End PBXSourcesBuildPhase section */

/* Begin PBXTargetDependency section */
		CCD982612C381E2C0095DDE8 /* PBXTargetDependency */ = {
			isa = PBXTargetDependency;
			target = CCD9824E2C381E2B0095DDE8 /* iOS */;
			targetProxy = CCD982602C381E2C0095DDE8 /* PBXContainerItemProxy */;
		};
		CCD9826B2C381E2C0095DDE8 /* PBXTargetDependency */ = {
			isa = PBXTargetDependency;
			target = CCD9824E2C381E2B0095DDE8 /* iOS */;
			targetProxy = CCD9826A2C381E2C0095DDE8 /* PBXContainerItemProxy */;
		};
/* End PBXTargetDependency section */

/* Begin XCBuildConfiguration section */
		CCD982712C381E2C0095DDE8 /* Debug */ = {
			isa = XCBuildConfiguration;
			buildSettings = {
				ALWAYS_SEARCH_USER_PATHS = NO;
				ASSETCATALOG_COMPILER_GENERATE_SWIFT_ASSET_SYMBOL_EXTENSIONS = YES;
				CLANG_ANALYZER_NONNULL = YES;
				CLANG_ANALYZER_NUMBER_OBJECT_CONVERSION = YES_AGGRESSIVE;
				CLANG_CXX_LANGUAGE_STANDARD = "gnu++20";
				CLANG_ENABLE_MODULES = YES;
				CLANG_ENABLE_OBJC_ARC = YES;
				CLANG_ENABLE_OBJC_WEAK = YES;
				CLANG_WARN_BLOCK_CAPTURE_AUTORELEASING = YES;
				CLANG_WARN_BOOL_CONVERSION = YES;
				CLANG_WARN_COMMA = YES;
				CLANG_WARN_CONSTANT_CONVERSION = YES;
				CLANG_WARN_DEPRECATED_OBJC_IMPLEMENTATIONS = YES;
				CLANG_WARN_DIRECT_OBJC_ISA_USAGE = YES_ERROR;
				CLANG_WARN_DOCUMENTATION_COMMENTS = YES;
				CLANG_WARN_EMPTY_BODY = YES;
				CLANG_WARN_ENUM_CONVERSION = YES;
				CLANG_WARN_INFINITE_RECURSION = YES;
				CLANG_WARN_INT_CONVERSION = YES;
				CLANG_WARN_NON_LITERAL_NULL_CONVERSION = YES;
				CLANG_WARN_OBJC_IMPLICIT_RETAIN_SELF = YES;
				CLANG_WARN_OBJC_LITERAL_CONVERSION = YES;
				CLANG_WARN_OBJC_ROOT_CLASS = YES_ERROR;
				CLANG_WARN_QUOTED_INCLUDE_IN_FRAMEWORK_HEADER = YES;
				CLANG_WARN_RANGE_LOOP_ANALYSIS = YES;
				CLANG_WARN_STRICT_PROTOTYPES = YES;
				CLANG_WARN_SUSPICIOUS_MOVE = YES;
				CLANG_WARN_UNGUARDED_AVAILABILITY = YES_AGGRESSIVE;
				CLANG_WARN_UNREACHABLE_CODE = YES;
				CLANG_WARN__DUPLICATE_METHOD_MATCH = YES;
				COPY_PHASE_STRIP = NO;
				DEBUG_INFORMATION_FORMAT = dwarf;
				ENABLE_STRICT_OBJC_MSGSEND = YES;
				ENABLE_TESTABILITY = YES;
				ENABLE_USER_SCRIPT_SANDBOXING = YES;
				GCC_C_LANGUAGE_STANDARD = gnu17;
				GCC_DYNAMIC_NO_PIC = NO;
				GCC_NO_COMMON_BLOCKS = YES;
				GCC_OPTIMIZATION_LEVEL = 0;
				GCC_PREPROCESSOR_DEFINITIONS = (
					"DEBUG=1",
					"$(inherited)",
				);
				GCC_WARN_64_TO_32_BIT_CONVERSION = YES;
				GCC_WARN_ABOUT_RETURN_TYPE = YES_ERROR;
				GCC_WARN_UNDECLARED_SELECTOR = YES;
				GCC_WARN_UNINITIALIZED_AUTOS = YES_AGGRESSIVE;
				GCC_WARN_UNUSED_FUNCTION = YES;
				GCC_WARN_UNUSED_VARIABLE = YES;
				IPHONEOS_DEPLOYMENT_TARGET = 17.5;
				LOCALIZATION_PREFERS_STRING_CATALOGS = YES;
				MTL_ENABLE_DEBUG_INFO = INCLUDE_SOURCE;
				MTL_FAST_MATH = YES;
				ONLY_ACTIVE_ARCH = YES;
				SDKROOT = iphoneos;
				SWIFT_ACTIVE_COMPILATION_CONDITIONS = "DEBUG $(inherited)";
				SWIFT_OPTIMIZATION_LEVEL = "-Onone";
			};
			name = Debug;
		};
		CCD982722C381E2C0095DDE8 /* Release */ = {
			isa = XCBuildConfiguration;
			buildSettings = {
				ALWAYS_SEARCH_USER_PATHS = NO;
				ASSETCATALOG_COMPILER_GENERATE_SWIFT_ASSET_SYMBOL_EXTENSIONS = YES;
				CLANG_ANALYZER_NONNULL = YES;
				CLANG_ANALYZER_NUMBER_OBJECT_CONVERSION = YES_AGGRESSIVE;
				CLANG_CXX_LANGUAGE_STANDARD = "gnu++20";
				CLANG_ENABLE_MODULES = YES;
				CLANG_ENABLE_OBJC_ARC = YES;
				CLANG_ENABLE_OBJC_WEAK = YES;
				CLANG_WARN_BLOCK_CAPTURE_AUTORELEASING = YES;
				CLANG_WARN_BOOL_CONVERSION = YES;
				CLANG_WARN_COMMA = YES;
				CLANG_WARN_CONSTANT_CONVERSION = YES;
				CLANG_WARN_DEPRECATED_OBJC_IMPLEMENTATIONS = YES;
				CLANG_WARN_DIRECT_OBJC_ISA_USAGE = YES_ERROR;
				CLANG_WARN_DOCUMENTATION_COMMENTS = YES;
				CLANG_WARN_EMPTY_BODY = YES;
				CLANG_WARN_ENUM_CONVERSION = YES;
				CLANG_WARN_INFINITE_RECURSION = YES;
				CLANG_WARN_INT_CONVERSION = YES;
				CLANG_WARN_NON_LITERAL_NULL_CONVERSION = YES;
				CLANG_WARN_OBJC_IMPLICIT_RETAIN_SELF = YES;
				CLANG_WARN_OBJC_LITERAL_CONVERSION = YES;
				CLANG_WARN_OBJC_ROOT_CLASS = YES_ERROR;
				CLANG_WARN_QUOTED_INCLUDE_IN_FRAMEWORK_HEADER = YES;
				CLANG_WARN_RANGE_LOOP_ANALYSIS = YES;
				CLANG_WARN_STRICT_PROTOTYPES = YES;
				CLANG_WARN_SUSPICIOUS_MOVE = YES;
				CLANG_WARN_UNGUARDED_AVAILABILITY = YES_AGGRESSIVE;
				CLANG_WARN_UNREACHABLE_CODE = YES;
				CLANG_WARN__DUPLICATE_METHOD_MATCH = YES;
				COPY_PHASE_STRIP = NO;
				DEBUG_INFORMATION_FORMAT = "dwarf-with-dsym";
				ENABLE_NS_ASSERTIONS = NO;
				ENABLE_STRICT_OBJC_MSGSEND = YES;
				ENABLE_USER_SCRIPT_SANDBOXING = YES;
				GCC_C_LANGUAGE_STANDARD = gnu17;
				GCC_NO_COMMON_BLOCKS = YES;
				GCC_WARN_64_TO_32_BIT_CONVERSION = YES;
				GCC_WARN_ABOUT_RETURN_TYPE = YES_ERROR;
				GCC_WARN_UNDECLARED_SELECTOR = YES;
				GCC_WARN_UNINITIALIZED_AUTOS = YES_AGGRESSIVE;
				GCC_WARN_UNUSED_FUNCTION = YES;
				GCC_WARN_UNUSED_VARIABLE = YES;
				IPHONEOS_DEPLOYMENT_TARGET = 17.5;
				LOCALIZATION_PREFERS_STRING_CATALOGS = YES;
				MTL_ENABLE_DEBUG_INFO = NO;
				MTL_FAST_MATH = YES;
				SDKROOT = iphoneos;
				SWIFT_COMPILATION_MODE = wholemodule;
				VALIDATE_PRODUCT = YES;
			};
			name = Release;
		};
		CCD982742C381E2C0095DDE8 /* Debug */ = {
			isa = XCBuildConfiguration;
			buildSettings = {
				ASSETCATALOG_COMPILER_APPICON_NAME = AppIcon;
				ASSETCATALOG_COMPILER_GLOBAL_ACCENT_COLOR_NAME = AccentColor;
				CODE_SIGN_STYLE = Automatic;
				CURRENT_PROJECT_VERSION = 1;
				DEVELOPMENT_ASSET_PATHS = "\"iOS/Preview Content\"";
				DEVELOPMENT_TEAM = 938SKSW69G;
				ENABLE_PREVIEWS = YES;
				GENERATE_INFOPLIST_FILE = YES;
				INFOPLIST_KEY_CFBundleDisplayName = "knutvalen.dev Blog";
				INFOPLIST_KEY_LSApplicationCategoryType = "public.app-category.news";
				INFOPLIST_KEY_UIApplicationSceneManifest_Generation = YES;
				INFOPLIST_KEY_UIApplicationSupportsIndirectInputEvents = YES;
				INFOPLIST_KEY_UILaunchScreen_Generation = YES;
				INFOPLIST_KEY_UISupportedInterfaceOrientations_iPad = "UIInterfaceOrientationPortrait UIInterfaceOrientationPortraitUpsideDown UIInterfaceOrientationLandscapeLeft UIInterfaceOrientationLandscapeRight";
				INFOPLIST_KEY_UISupportedInterfaceOrientations_iPhone = "UIInterfaceOrientationPortrait UIInterfaceOrientationLandscapeLeft UIInterfaceOrientationLandscapeRight";
				LD_RUNPATH_SEARCH_PATHS = (
					"$(inherited)",
					"@executable_path/Frameworks",
				);
				MARKETING_VERSION = 1.0;
				PRODUCT_BUNDLE_IDENTIFIER = dev.knutvalen.iOS;
				PRODUCT_NAME = "$(TARGET_NAME)";
				SWIFT_EMIT_LOC_STRINGS = YES;
				SWIFT_VERSION = 5.0;
				TARGETED_DEVICE_FAMILY = "1,2";
			};
			name = Debug;
		};
		CCD982752C381E2C0095DDE8 /* Release */ = {
			isa = XCBuildConfiguration;
			buildSettings = {
				ASSETCATALOG_COMPILER_APPICON_NAME = AppIcon;
				ASSETCATALOG_COMPILER_GLOBAL_ACCENT_COLOR_NAME = AccentColor;
				CODE_SIGN_STYLE = Automatic;
				CURRENT_PROJECT_VERSION = 1;
				DEVELOPMENT_ASSET_PATHS = "\"iOS/Preview Content\"";
				DEVELOPMENT_TEAM = 938SKSW69G;
				ENABLE_PREVIEWS = YES;
				GENERATE_INFOPLIST_FILE = YES;
				INFOPLIST_KEY_CFBundleDisplayName = "knutvalen.dev Blog";
				INFOPLIST_KEY_LSApplicationCategoryType = "public.app-category.news";
				INFOPLIST_KEY_UIApplicationSceneManifest_Generation = YES;
				INFOPLIST_KEY_UIApplicationSupportsIndirectInputEvents = YES;
				INFOPLIST_KEY_UILaunchScreen_Generation = YES;
				INFOPLIST_KEY_UISupportedInterfaceOrientations_iPad = "UIInterfaceOrientationPortrait UIInterfaceOrientationPortraitUpsideDown UIInterfaceOrientationLandscapeLeft UIInterfaceOrientationLandscapeRight";
				INFOPLIST_KEY_UISupportedInterfaceOrientations_iPhone = "UIInterfaceOrientationPortrait UIInterfaceOrientationLandscapeLeft UIInterfaceOrientationLandscapeRight";
				LD_RUNPATH_SEARCH_PATHS = (
					"$(inherited)",
					"@executable_path/Frameworks",
				);
				MARKETING_VERSION = 1.0;
				PRODUCT_BUNDLE_IDENTIFIER = dev.knutvalen.iOS;
				PRODUCT_NAME = "$(TARGET_NAME)";
				SWIFT_EMIT_LOC_STRINGS = YES;
				SWIFT_VERSION = 5.0;
				TARGETED_DEVICE_FAMILY = "1,2";
			};
			name = Release;
		};
		CCD982772C381E2C0095DDE8 /* Debug */ = {
			isa = XCBuildConfiguration;
			buildSettings = {
				ALWAYS_EMBED_SWIFT_STANDARD_LIBRARIES = YES;
				BUNDLE_LOADER = "$(TEST_HOST)";
				CODE_SIGN_STYLE = Automatic;
				CURRENT_PROJECT_VERSION = 1;
				DEVELOPMENT_TEAM = 938SKSW69G;
				GENERATE_INFOPLIST_FILE = YES;
				IPHONEOS_DEPLOYMENT_TARGET = 17.5;
				MARKETING_VERSION = 1.0;
				PRODUCT_BUNDLE_IDENTIFIER = dev.knutvalen.iOSTests;
				PRODUCT_NAME = "$(TARGET_NAME)";
				SWIFT_EMIT_LOC_STRINGS = NO;
				SWIFT_VERSION = 5.0;
				TARGETED_DEVICE_FAMILY = "1,2";
				TEST_HOST = "$(BUILT_PRODUCTS_DIR)/iOS.app/$(BUNDLE_EXECUTABLE_FOLDER_PATH)/iOS";
			};
			name = Debug;
		};
		CCD982782C381E2C0095DDE8 /* Release */ = {
			isa = XCBuildConfiguration;
			buildSettings = {
				ALWAYS_EMBED_SWIFT_STANDARD_LIBRARIES = YES;
				BUNDLE_LOADER = "$(TEST_HOST)";
				CODE_SIGN_STYLE = Automatic;
				CURRENT_PROJECT_VERSION = 1;
				DEVELOPMENT_TEAM = 938SKSW69G;
				GENERATE_INFOPLIST_FILE = YES;
				IPHONEOS_DEPLOYMENT_TARGET = 17.5;
				MARKETING_VERSION = 1.0;
				PRODUCT_BUNDLE_IDENTIFIER = dev.knutvalen.iOSTests;
				PRODUCT_NAME = "$(TARGET_NAME)";
				SWIFT_EMIT_LOC_STRINGS = NO;
				SWIFT_VERSION = 5.0;
				TARGETED_DEVICE_FAMILY = "1,2";
				TEST_HOST = "$(BUILT_PRODUCTS_DIR)/iOS.app/$(BUNDLE_EXECUTABLE_FOLDER_PATH)/iOS";
			};
			name = Release;
		};
		CCD9827A2C381E2C0095DDE8 /* Debug */ = {
			isa = XCBuildConfiguration;
			buildSettings = {
				ALWAYS_EMBED_SWIFT_STANDARD_LIBRARIES = YES;
				CODE_SIGN_STYLE = Automatic;
				CURRENT_PROJECT_VERSION = 1;
				DEVELOPMENT_TEAM = 938SKSW69G;
				GENERATE_INFOPLIST_FILE = YES;
				MARKETING_VERSION = 1.0;
				PRODUCT_BUNDLE_IDENTIFIER = dev.knutvalen.iOSUITests;
				PRODUCT_NAME = "$(TARGET_NAME)";
				SWIFT_EMIT_LOC_STRINGS = NO;
				SWIFT_VERSION = 5.0;
				TARGETED_DEVICE_FAMILY = "1,2";
				TEST_TARGET_NAME = iOS;
			};
			name = Debug;
		};
		CCD9827B2C381E2C0095DDE8 /* Release */ = {
			isa = XCBuildConfiguration;
			buildSettings = {
				ALWAYS_EMBED_SWIFT_STANDARD_LIBRARIES = YES;
				CODE_SIGN_STYLE = Automatic;
				CURRENT_PROJECT_VERSION = 1;
				DEVELOPMENT_TEAM = 938SKSW69G;
				GENERATE_INFOPLIST_FILE = YES;
				MARKETING_VERSION = 1.0;
				PRODUCT_BUNDLE_IDENTIFIER = dev.knutvalen.iOSUITests;
				PRODUCT_NAME = "$(TARGET_NAME)";
				SWIFT_EMIT_LOC_STRINGS = NO;
				SWIFT_VERSION = 5.0;
				TARGETED_DEVICE_FAMILY = "1,2";
				TEST_TARGET_NAME = iOS;
			};
			name = Release;
		};
/* End XCBuildConfiguration section */

/* Begin XCConfigurationList section */
		CCD9824A2C381E2B0095DDE8 /* Build configuration list for PBXProject "iOS" */ = {
			isa = XCConfigurationList;
			buildConfigurations = (
				CCD982712C381E2C0095DDE8 /* Debug */,
				CCD982722C381E2C0095DDE8 /* Release */,
			);
			defaultConfigurationIsVisible = 0;
			defaultConfigurationName = Release;
		};
		CCD982732C381E2C0095DDE8 /* Build configuration list for PBXNativeTarget "iOS" */ = {
			isa = XCConfigurationList;
			buildConfigurations = (
				CCD982742C381E2C0095DDE8 /* Debug */,
				CCD982752C381E2C0095DDE8 /* Release */,
			);
			defaultConfigurationIsVisible = 0;
			defaultConfigurationName = Release;
		};
		CCD982762C381E2C0095DDE8 /* Build configuration list for PBXNativeTarget "iOSTests" */ = {
			isa = XCConfigurationList;
			buildConfigurations = (
				CCD982772C381E2C0095DDE8 /* Debug */,
				CCD982782C381E2C0095DDE8 /* Release */,
			);
			defaultConfigurationIsVisible = 0;
			defaultConfigurationName = Release;
		};
		CCD982792C381E2C0095DDE8 /* Build configuration list for PBXNativeTarget "iOSUITests" */ = {
			isa = XCConfigurationList;
			buildConfigurations = (
				CCD9827A2C381E2C0095DDE8 /* Debug */,
				CCD9827B2C381E2C0095DDE8 /* Release */,
			);
			defaultConfigurationIsVisible = 0;
			defaultConfigurationName = Release;
		};
/* End XCConfigurationList section */
	};
	rootObject = CCD982472C381E2B0095DDE8 /* Project object */;
}
